{
  "name": "o4o-platform",
  "version": "1.0.0",
  "lockfileVersion": 3,
  "requires": true,
  "packages": {
    "": {
      "name": "o4o-platform",
      "version": "1.0.0",
      "workspaces": [
        "packages/*",
        "apps/*"
      ],
      "devDependencies": {
        "tailwindcss": "~3.4.17",
        "postcss": "~8.4.31",
        "autoprefixer": "~10.4.16"
      },
      "engines": {
        "node": ">=20.0.0",
        "npm": ">=10.0.0"
      }
    },
    "node_modules/tailwindcss": {
      "version": "3.4.17",
      "resolved": "https://registry.npmjs.org/tailwindcss/-/tailwindcss-3.4.17.tgz",
      "integrity": "sha512-w33E2aCvSDP0teoQ6APp3WbkdfGqBnUOJBHryWrjPH/nsgA+okOuk6K5D0ak4kcQFOa/+WtmY4eK8jgCHhZp1Tg==",
      "dev": true
    },
    "node_modules/postcss": {
      "version": "8.4.31",
      "resolved": "https://registry.npmjs.org/postcss/-/postcss-8.4.31.tgz",
      "integrity": "sha512-PS08Iboia9mts/2ygV3eLpY5ghnUcfLV/EXTOW1E2qYxJKGGBUtw+hfwBAMsTs2vfRSYSKMX3x0/1+2VTj4QJw==",
      "dev": true
    },
    "node_modules/autoprefixer": {
      "version": "10.4.16",
      "resolved": "https://registry.npmjs.org/autoprefixer/-/autoprefixer-10.4.16.tgz",
      "integrity": "sha512-7vd3UC6xKp0HLfua5IjZlcXvGAGy7cEAwJ9DQcTpnNlbbh3YnC3jADgOq5cJAiOYx8jEQP0ccdl8DhQfY/e+fGw==",
      "dev": true
    }
  }
}
