{
  "name": "o4o-platform",
  "version": "1.0.0",
  "lockfileVersion": 3,
  "requires": true,
  "packages": {
    "": {
      "name": "o4o-platform",
      "version": "1.0.0",
      "license": "MIT",
      "workspaces": [
        "apps/*",
        "packages/*",
        "!apps/*.backup",
        "!packages/*.backup"
      ],
      "dependencies": {
        "rate-limit-redis": "^4.2.1",
        "slugify": "^1.6.6"
      },
      "devDependencies": {
        "@testing-library/user-event": "^14.6.1",
        "@types/socket.io-client": "^1.4.36",
        "@typescript-eslint/eslint-plugin": "^8.18.2",
        "@typescript-eslint/parser": "^8.18.2",
        "concurrently": "^7.6.0",
        "eslint": "^9.25.0",
        "prettier": "^3.4.2",
        "typescript": "^5.8.3"
      },
      "engines": {
        "node": ">=20.0.0 <21.0.0",
        "npm": ">=10.0.0"
      }
    }
  }
}