{
  "name": "o4o-platform",
  "version": "1.0.0",
  "lockfileVersion": 3,
  "requires": true,
  "packages": {
    "": {
      "name": "o4o-platform",
      "version": "1.0.0",
      "workspaces": [
        "packages/*",
        "apps/*"
      ],
      "devDependencies": {},
      "engines": {
        "node": ">=20.0.0",
        "npm": ">=10.0.0"
      }
    }
  }
}