name: 🔧 Generate package-lock.json

on:
  push:
    branches: [ main ]
    paths:
      - 'package.json'
      - 'apps/*/package.json'
      - 'packages/*/package.json'
  workflow_dispatch:

concurrency:
  group: generate-package-lock-${{ github.ref }}
  cancel-in-progress: false

jobs:
  generate-lock-file:
    name: 🔧 Generate package-lock.json
    runs-on: ubuntu-latest
    
    permissions:
      contents: write
    
    steps:
      - name: 📦 Checkout code
        uses: actions/checkout@v5
        with:
          token: ${{ secrets.GITHUB_TOKEN }}
          
      - name: 🔧 Setup Node.js
        uses: actions/setup-node@v4
        with:
          node-version: '22.18.0'
          
      - name: 📥 Install dependencies and generate lock file
        run: |
          npm install
          
      - name: ✅ Verify package-lock.json was created
        run: |
          if [ -f "package-lock.json" ]; then
            echo "✅ package-lock.json successfully generated"
            ls -la package-lock.json
          else
            echo "❌ package-lock.json was not created"
            exit 1
          fi
          
      - name: 📤 Commit and push package-lock.json
        run: |
          git config --local user.email "action@github.com"
          git config --local user.name "GitHub Action"
          
          if [ -n "$(git status --porcelain)" ]; then
            git add package-lock.json
            git commit -m "feat: generate package-lock.json via GitHub Actions
            
            🔧 Generated with Node.js 22.18.0 in clean Ubuntu environment
            🚀 Resolves CI/CD npm install compatibility issues
            
            Generated with [Claude Code](https://claude.ai/code)
            
            Co-Authored-By: Claude <noreply@anthropic.com>"
            git push
            echo "✅ package-lock.json committed and pushed"
          else
            echo "ℹ️  No changes to commit"
          fi